
Microsoft Visual Studio Solution File, Format Version 12.00
# Visual Studio Version 17
VisualStudioVersion = 17.5.002.0
MinimumVisualStudioVersion = 10.0.40219.1
Project("{9A19103F-16F7-4668-BE54-9A1E7A4F7556}") = "tareaa_6", "tareaa_6.csproj", "{24169725-8B54-4EDA-A409-0E4A96190A1F}"
EndProject
Global
	GlobalSection(SolutionConfigurationPlatforms) = preSolution
		Debug|Any CPU = Debug|Any CPU
		Release|Any CPU = Release|Any CPU
	EndGlobalSection
	GlobalSection(ProjectConfigurationPlatforms) = postSolution
		{24169725-8B54-4EDA-A409-0E4A96190A1F}.Debug|Any CPU.ActiveCfg = Debug|Any CPU
		{24169725-8B54-4EDA-A409-0E4A96190A1F}.Debug|Any CPU.Build.0 = Debug|Any CPU
		{24169725-8B54-4EDA-A409-0E4A96190A1F}.Release|Any CPU.ActiveCfg = Release|Any CPU
		{24169725-8B54-4EDA-A409-0E4A96190A1F}.Release|Any CPU.Build.0 = Release|Any CPU
	EndGlobalSection
	GlobalSection(SolutionProperties) = preSolution
		HideSolutionNode = FALSE
	EndGlobalSection
	GlobalSection(ExtensibilityGlobals) = postSolution
		SolutionGuid = {9DA94683-16CC-43E3-9DC7-C8BA9D6318CE}
	EndGlobalSection
EndGlobal
